
Microsoft Visual Studio Solution File, Format Version 12.00
# Visual Studio 15
VisualStudioVersion = 15.0.27130.2010
MinimumVisualStudioVersion = 10.0.40219.1
Project("{2150E333-8FDC-42A3-9474-1A3956D46DE8}") = "0 - Infra", "0 - Infra", "{091FCF1F-EEF8-45F9-9855-7EE8BA0D5F64}"
EndProject
Project("{9A19103F-16F7-4668-BE54-9A1E7A4F7556}") = "Data", "Data\Data.csproj", "{FA677EAA-4420-4309-8F7A-39D42150BC55}"
EndProject
Project("{2150E333-8FDC-42A3-9474-1A3956D46DE8}") = "1 - Dominio", "1 - Dominio", "{E7CA06CE-15E6-478C-8FE0-7CCBD204B878}"
EndProject
Project("{9A19103F-16F7-4668-BE54-9A1E7A4F7556}") = "Dominio", "Dominio\Dominio.csproj", "{CAE04BE9-5C4A-4EDC-95F0-05B04302F233}"
EndProject
Project("{2150E333-8FDC-42A3-9474-1A3956D46DE8}") = "X - CrossCutting", "X - CrossCutting", "{BDCC6429-292C-4A7E-B498-1D682822618C}"
EndProject
Project("{9A19103F-16F7-4668-BE54-9A1E7A4F7556}") = "ViewModels", "ViewModels\ViewModels.csproj", "{F252CEEB-83BE-4C6E-8A27-8C76A5D9958F}"
EndProject
Project("{2150E333-8FDC-42A3-9474-1A3956D46DE8}") = "2 - Apresentação", "2 - Apresentação", "{5525613A-538E-43FD-97DE-0DA2B684ECDE}"
EndProject
Project("{9A19103F-16F7-4668-BE54-9A1E7A4F7556}") = "InjecaoDependencia", "InjecaoDependencia\InjecaoDependencia.csproj", "{FE390C8D-6321-417F-BB7B-75EC12ECCBCE}"
EndProject
Project("{9A19103F-16F7-4668-BE54-9A1E7A4F7556}") = "Identity", "Identity\Identity.csproj", "{7A9C0371-3FF0-4F50-9E10-32237FC0ACB1}"
EndProject
Project("{9A19103F-16F7-4668-BE54-9A1E7A4F7556}") = "MVC", "MVC\MVC.csproj", "{7CB2A5AD-C099-4512-ACC5-221AEE9DEE9E}"
EndProject
Global
	GlobalSection(SolutionConfigurationPlatforms) = preSolution
		Debug|Any CPU = Debug|Any CPU
		Release|Any CPU = Release|Any CPU
	EndGlobalSection
	GlobalSection(ProjectConfigurationPlatforms) = postSolution
		{FA677EAA-4420-4309-8F7A-39D42150BC55}.Debug|Any CPU.ActiveCfg = Debug|Any CPU
		{FA677EAA-4420-4309-8F7A-39D42150BC55}.Debug|Any CPU.Build.0 = Debug|Any CPU
		{FA677EAA-4420-4309-8F7A-39D42150BC55}.Release|Any CPU.ActiveCfg = Release|Any CPU
		{FA677EAA-4420-4309-8F7A-39D42150BC55}.Release|Any CPU.Build.0 = Release|Any CPU
		{CAE04BE9-5C4A-4EDC-95F0-05B04302F233}.Debug|Any CPU.ActiveCfg = Debug|Any CPU
		{CAE04BE9-5C4A-4EDC-95F0-05B04302F233}.Debug|Any CPU.Build.0 = Debug|Any CPU
		{CAE04BE9-5C4A-4EDC-95F0-05B04302F233}.Release|Any CPU.ActiveCfg = Release|Any CPU
		{CAE04BE9-5C4A-4EDC-95F0-05B04302F233}.Release|Any CPU.Build.0 = Release|Any CPU
		{F252CEEB-83BE-4C6E-8A27-8C76A5D9958F}.Debug|Any CPU.ActiveCfg = Debug|Any CPU
		{F252CEEB-83BE-4C6E-8A27-8C76A5D9958F}.Debug|Any CPU.Build.0 = Debug|Any CPU
		{F252CEEB-83BE-4C6E-8A27-8C76A5D9958F}.Release|Any CPU.ActiveCfg = Release|Any CPU
		{F252CEEB-83BE-4C6E-8A27-8C76A5D9958F}.Release|Any CPU.Build.0 = Release|Any CPU
		{FE390C8D-6321-417F-BB7B-75EC12ECCBCE}.Debug|Any CPU.ActiveCfg = Debug|Any CPU
		{FE390C8D-6321-417F-BB7B-75EC12ECCBCE}.Debug|Any CPU.Build.0 = Debug|Any CPU
		{FE390C8D-6321-417F-BB7B-75EC12ECCBCE}.Release|Any CPU.ActiveCfg = Release|Any CPU
		{FE390C8D-6321-417F-BB7B-75EC12ECCBCE}.Release|Any CPU.Build.0 = Release|Any CPU
		{7A9C0371-3FF0-4F50-9E10-32237FC0ACB1}.Debug|Any CPU.ActiveCfg = Debug|Any CPU
		{7A9C0371-3FF0-4F50-9E10-32237FC0ACB1}.Debug|Any CPU.Build.0 = Debug|Any CPU
		{7A9C0371-3FF0-4F50-9E10-32237FC0ACB1}.Release|Any CPU.ActiveCfg = Release|Any CPU
		{7A9C0371-3FF0-4F50-9E10-32237FC0ACB1}.Release|Any CPU.Build.0 = Release|Any CPU
		{7CB2A5AD-C099-4512-ACC5-221AEE9DEE9E}.Debug|Any CPU.ActiveCfg = Debug|Any CPU
		{7CB2A5AD-C099-4512-ACC5-221AEE9DEE9E}.Debug|Any CPU.Build.0 = Debug|Any CPU
		{7CB2A5AD-C099-4512-ACC5-221AEE9DEE9E}.Release|Any CPU.ActiveCfg = Release|Any CPU
		{7CB2A5AD-C099-4512-ACC5-221AEE9DEE9E}.Release|Any CPU.Build.0 = Release|Any CPU
	EndGlobalSection
	GlobalSection(SolutionProperties) = preSolution
		HideSolutionNode = FALSE
	EndGlobalSection
	GlobalSection(NestedProjects) = preSolution
		{FA677EAA-4420-4309-8F7A-39D42150BC55} = {091FCF1F-EEF8-45F9-9855-7EE8BA0D5F64}
		{CAE04BE9-5C4A-4EDC-95F0-05B04302F233} = {E7CA06CE-15E6-478C-8FE0-7CCBD204B878}
		{F252CEEB-83BE-4C6E-8A27-8C76A5D9958F} = {BDCC6429-292C-4A7E-B498-1D682822618C}
		{FE390C8D-6321-417F-BB7B-75EC12ECCBCE} = {BDCC6429-292C-4A7E-B498-1D682822618C}
		{7A9C0371-3FF0-4F50-9E10-32237FC0ACB1} = {091FCF1F-EEF8-45F9-9855-7EE8BA0D5F64}
		{7CB2A5AD-C099-4512-ACC5-221AEE9DEE9E} = {5525613A-538E-43FD-97DE-0DA2B684ECDE}
	EndGlobalSection
	GlobalSection(ExtensibilityGlobals) = postSolution
		SolutionGuid = {94B786FF-4D9B-4FB3-BD30-FDF9DBCD8545}
	EndGlobalSection
EndGlobal
